
Microsoft Visual Studio Solution File, Format Version 12.00
Project("{FAE04EC0-301F-11D3-BF4B-00C04F79EFBC}") = "LabWorkRegex", "LabWorkRegex\LabWorkRegex.csproj", "{37EB6C0F-8CDB-4558-ACC3-6E68F4307B55}"
EndProject
Global
	GlobalSection(SolutionConfigurationPlatforms) = preSolution
		Debug|Any CPU = Debug|Any CPU
		Release|Any CPU = Release|Any CPU
	EndGlobalSection
	GlobalSection(ProjectConfigurationPlatforms) = postSolution
		{37EB6C0F-8CDB-4558-ACC3-6E68F4307B55}.Debug|Any CPU.ActiveCfg = Debug|Any CPU
		{37EB6C0F-8CDB-4558-ACC3-6E68F4307B55}.Debug|Any CPU.Build.0 = Debug|Any CPU
		{37EB6C0F-8CDB-4558-ACC3-6E68F4307B55}.Release|Any CPU.ActiveCfg = Release|Any CPU
		{37EB6C0F-8CDB-4558-ACC3-6E68F4307B55}.Release|Any CPU.Build.0 = Release|Any CPU
	EndGlobalSection
EndGlobal
